
Microsoft Visual Studio Solution File, Format Version 12.00
# Visual Studio Version 17
VisualStudioVersion = 17.2.32602.215
MinimumVisualStudioVersion = 10.0.40219.1
Project("{FAE04EC0-301F-11D3-BF4B-00C04F79EFBC}") = "PlumGuide.PlutoRover.WebApi", "PlumGuide.PlutoRover.WebApi\PlumGuide.PlutoRover.WebApi.csproj", "{5A5FCE64-DE9A-4B47-92CA-CC45247F82BC}"
EndProject
Global
	GlobalSection(SolutionConfigurationPlatforms) = preSolution
		Debug|Any CPU = Debug|Any CPU
		Release|Any CPU = Release|Any CPU
	EndGlobalSection
	GlobalSection(ProjectConfigurationPlatforms) = postSolution
		{5A5FCE64-DE9A-4B47-92CA-CC45247F82BC}.Debug|Any CPU.ActiveCfg = Debug|Any CPU
		{5A5FCE64-DE9A-4B47-92CA-CC45247F82BC}.Debug|Any CPU.Build.0 = Debug|Any CPU
		{5A5FCE64-DE9A-4B47-92CA-CC45247F82BC}.Release|Any CPU.ActiveCfg = Release|Any CPU
		{5A5FCE64-DE9A-4B47-92CA-CC45247F82BC}.Release|Any CPU.Build.0 = Release|Any CPU
	EndGlobalSection
	GlobalSection(SolutionProperties) = preSolution
		HideSolutionNode = FALSE
	EndGlobalSection
	GlobalSection(ExtensibilityGlobals) = postSolution
		SolutionGuid = {CE8170BC-EEF5-4C11-BAE9-057BAEB90703}
	EndGlobalSection
EndGlobal
